Microsoft Visual Studio Solution File, Format Version 12.00
# Visual Studio Version 16
VisualStudioVersion = 16.0.29509.3
MinimumVisualStudioVersion = 10.0.40219.1
Project("{2150E333-8FDC-42A3-9474-1A3956D46DE8}") = "Solution Items", "Solution Items", "{2737BB9D-9846-4DFC-836C-94A8EBF699D3}"
	ProjectSection(SolutionItems) = preProject
		.editorconfig = .editorconfig
	EndProjectSection
EndProject
Project("{FAE04EC0-301F-11D3-BF4B-00C04F79EFBC}") = "TestServerApp", "TestServerApp\TestServerApp.csproj", "{D4D41E65-5750-4F8D-A4F1-F772553F352C}"
EndProject
Project("{FAE04EC0-301F-11D3-BF4B-00C04F79EFBC}") = "game-networking-lib-tests", "game-networking-lib-tests\game-networking-lib-tests.csproj", "{97FA992E-763F-4067-B912-76E43703CB21}"
EndProject
Project("{FAE04EC0-301F-11D3-BF4B-00C04F79EFBC}") = "GameNetworkingLib", "GameNetworkingLib\GameNetworkingLib.csproj", "{62353223-B4B4-475A-AAE3-21E46C3326D5}"
EndProject
Project("{FAE04EC0-301F-11D3-BF4B-00C04F79EFBC}") = "TestClientApp", "TestClientApp\TestClientApp.csproj", "{990842B0-6544-4958-BF25-35F61369537D}"
EndProject
Global
	GlobalSection(SolutionConfigurationPlatforms) = preSolution
		Debug|Any CPU = Debug|Any CPU
		Release|Any CPU = Release|Any CPU
	EndGlobalSection
	GlobalSection(ProjectConfigurationPlatforms) = postSolution
		{D4D41E65-5750-4F8D-A4F1-F772553F352C}.Debug|Any CPU.ActiveCfg = Debug|Any CPU
		{D4D41E65-5750-4F8D-A4F1-F772553F352C}.Debug|Any CPU.Build.0 = Debug|Any CPU
		{D4D41E65-5750-4F8D-A4F1-F772553F352C}.Release|Any CPU.ActiveCfg = Release|Any CPU
		{D4D41E65-5750-4F8D-A4F1-F772553F352C}.Release|Any CPU.Build.0 = Release|Any CPU
		{97FA992E-763F-4067-B912-76E43703CB21}.Debug|Any CPU.ActiveCfg = Debug|Any CPU
		{97FA992E-763F-4067-B912-76E43703CB21}.Debug|Any CPU.Build.0 = Debug|Any CPU
		{97FA992E-763F-4067-B912-76E43703CB21}.Release|Any CPU.ActiveCfg = Release|Any CPU
		{97FA992E-763F-4067-B912-76E43703CB21}.Release|Any CPU.Build.0 = Release|Any CPU
		{62353223-B4B4-475A-AAE3-21E46C3326D5}.Debug|Any CPU.ActiveCfg = Debug|Any CPU
		{62353223-B4B4-475A-AAE3-21E46C3326D5}.Debug|Any CPU.Build.0 = Debug|Any CPU
		{62353223-B4B4-475A-AAE3-21E46C3326D5}.Release|Any CPU.ActiveCfg = Release|Any CPU
		{62353223-B4B4-475A-AAE3-21E46C3326D5}.Release|Any CPU.Build.0 = Release|Any CPU
		{990842B0-6544-4958-BF25-35F61369537D}.Debug|Any CPU.ActiveCfg = Debug|Any CPU
		{990842B0-6544-4958-BF25-35F61369537D}.Debug|Any CPU.Build.0 = Debug|Any CPU
		{990842B0-6544-4958-BF25-35F61369537D}.Release|Any CPU.ActiveCfg = Release|Any CPU
		{990842B0-6544-4958-BF25-35F61369537D}.Release|Any CPU.Build.0 = Release|Any CPU
	EndGlobalSection
	GlobalSection(SolutionProperties) = preSolution
		HideSolutionNode = FALSE
	EndGlobalSection
	GlobalSection(ExtensibilityGlobals) = postSolution
		SolutionGuid = {4E2ECC78-74C9-48DF-8373-62AB4C0266DE}
	EndGlobalSection
	GlobalSection(MonoDevelopProperties) = preSolution
		Policies = $0
		$0.DotNetNamingPolicy = $1
		$1.DirectoryNamespaceAssociation = PrefixedHierarchical
		$0.StandardHeader = $2
		version = 0.1.0
	EndGlobalSection
EndGlobal
